
Microsoft Visual Studio Solution File, Format Version 12.00
# Visual Studio Version 16
VisualStudioVersion = 16.0.31729.503
MinimumVisualStudioVersion = 10.0.40219.1
Project("{9A19103F-16F7-4668-BE54-9A1E7A4F7556}") = "XamarinService", "XamarinService\XamarinService.csproj", "{21FFFEE9-291D-4F63-BA0A-6B1F8CAC4B5D}"
EndProject
Project("{9A19103F-16F7-4668-BE54-9A1E7A4F7556}") = "Vives.DAL", "Vives.DAL\Vives.DAL.csproj", "{950F8FA7-8700-4504-B86D-9984C6001A83}"
EndProject
Project("{9A19103F-16F7-4668-BE54-9A1E7A4F7556}") = "Vives.DOMAIN", "Vives.DOMAIN\Vives.DOMAIN.csproj", "{D561F578-60CE-40FF-BA5D-94A6C6026C27}"
EndProject
Project("{9A19103F-16F7-4668-BE54-9A1E7A4F7556}") = "Vives.BLL", "Vives.BLL\Vives.BLL.csproj", "{EC831091-D916-46A1-98D7-073DF17ABD93}"
EndProject
Project("{FAE04EC0-301F-11D3-BF4B-00C04F79EFBC}") = "Vives.Mock", "Vives.Mock\Vives.Mock.csproj", "{783087E8-99A0-4E8A-935A-3217219A9877}"
EndProject
Global
	GlobalSection(SolutionConfigurationPlatforms) = preSolution
		Debug|Any CPU = Debug|Any CPU
		Release|Any CPU = Release|Any CPU
	EndGlobalSection
	GlobalSection(ProjectConfigurationPlatforms) = postSolution
		{21FFFEE9-291D-4F63-BA0A-6B1F8CAC4B5D}.Debug|Any CPU.ActiveCfg = Debug|Any CPU
		{21FFFEE9-291D-4F63-BA0A-6B1F8CAC4B5D}.Debug|Any CPU.Build.0 = Debug|Any CPU
		{21FFFEE9-291D-4F63-BA0A-6B1F8CAC4B5D}.Release|Any CPU.ActiveCfg = Release|Any CPU
		{21FFFEE9-291D-4F63-BA0A-6B1F8CAC4B5D}.Release|Any CPU.Build.0 = Release|Any CPU
		{950F8FA7-8700-4504-B86D-9984C6001A83}.Debug|Any CPU.ActiveCfg = Debug|Any CPU
		{950F8FA7-8700-4504-B86D-9984C6001A83}.Debug|Any CPU.Build.0 = Debug|Any CPU
		{950F8FA7-8700-4504-B86D-9984C6001A83}.Release|Any CPU.ActiveCfg = Release|Any CPU
		{950F8FA7-8700-4504-B86D-9984C6001A83}.Release|Any CPU.Build.0 = Release|Any CPU
		{D561F578-60CE-40FF-BA5D-94A6C6026C27}.Debug|Any CPU.ActiveCfg = Debug|Any CPU
		{D561F578-60CE-40FF-BA5D-94A6C6026C27}.Debug|Any CPU.Build.0 = Debug|Any CPU
		{D561F578-60CE-40FF-BA5D-94A6C6026C27}.Release|Any CPU.ActiveCfg = Release|Any CPU
		{D561F578-60CE-40FF-BA5D-94A6C6026C27}.Release|Any CPU.Build.0 = Release|Any CPU
		{EC831091-D916-46A1-98D7-073DF17ABD93}.Debug|Any CPU.ActiveCfg = Debug|Any CPU
		{EC831091-D916-46A1-98D7-073DF17ABD93}.Debug|Any CPU.Build.0 = Debug|Any CPU
		{EC831091-D916-46A1-98D7-073DF17ABD93}.Release|Any CPU.ActiveCfg = Release|Any CPU
		{EC831091-D916-46A1-98D7-073DF17ABD93}.Release|Any CPU.Build.0 = Release|Any CPU
		{783087E8-99A0-4E8A-935A-3217219A9877}.Debug|Any CPU.ActiveCfg = Debug|Any CPU
		{783087E8-99A0-4E8A-935A-3217219A9877}.Debug|Any CPU.Build.0 = Debug|Any CPU
		{783087E8-99A0-4E8A-935A-3217219A9877}.Release|Any CPU.ActiveCfg = Release|Any CPU
		{783087E8-99A0-4E8A-935A-3217219A9877}.Release|Any CPU.Build.0 = Release|Any CPU
	EndGlobalSection
	GlobalSection(SolutionProperties) = preSolution
		HideSolutionNode = FALSE
	EndGlobalSection
	GlobalSection(ExtensibilityGlobals) = postSolution
		SolutionGuid = {6DC717FD-C4CE-4FE2-9B37-E688E4628C87}
	EndGlobalSection
EndGlobal
